
Microsoft Visual Studio Solution File, Format Version 12.00
# Visual Studio Version 16
VisualStudioVersion = 16.0.29201.188
MinimumVisualStudioVersion = 10.0.40219.1
Project("{2150E333-8FDC-42A3-9474-1A3956D46DE8}") = "1. Distributed Services", "1. Distributed Services", "{015AA021-C656-4D30-9AE4-3AB547CCE4E4}"
EndProject
Project("{2150E333-8FDC-42A3-9474-1A3956D46DE8}") = "2. Application", "2. Application", "{AA1CE863-E904-467A-8033-C56E52457D21}"
EndProject
Project("{2150E333-8FDC-42A3-9474-1A3956D46DE8}") = "3. Domain", "3. Domain", "{4FA77302-8BA9-4400-893F-ED8D343CAA20}"
EndProject
Project("{2150E333-8FDC-42A3-9474-1A3956D46DE8}") = "4. Infrastructure", "4. Infrastructure", "{C8320742-712B-4354-8DE9-B487CC30AA26}"
EndProject
Project("{2150E333-8FDC-42A3-9474-1A3956D46DE8}") = "Tests", "Tests", "{717DA9F0-022C-4426-B0E4-FE363E10DF1B}"
EndProject
Project("{9A19103F-16F7-4668-BE54-9A1E7A4F7556}") = "Template.Application", "Template.Application\Template.Application.csproj", "{DF19F2C0-20D2-44BB-8B5D-CAB47737D226}"
EndProject
Project("{9A19103F-16F7-4668-BE54-9A1E7A4F7556}") = "Template.Domain", "Template.Domain\Template.Domain.csproj", "{CFC04795-3731-48D7-A14E-11B73A3728C0}"
EndProject
Project("{9A19103F-16F7-4668-BE54-9A1E7A4F7556}") = "Template.Infra.Data.EF", "Template.Infra.Data.EF\Template.Infra.Data.EF.csproj", "{EEC30209-0837-482D-BC70-BD650EA207B3}"
EndProject
Project("{9A19103F-16F7-4668-BE54-9A1E7A4F7556}") = "Template.Infra.Crosscutting", "Template.Infra.Crosscutting\Template.Infra.Crosscutting.csproj", "{ED54F7C4-DA97-49C5-A5F2-0631124FDE4B}"
EndProject
Project("{9A19103F-16F7-4668-BE54-9A1E7A4F7556}") = "Template.Tests", "Template.Tests\Template.Tests.csproj", "{CBB5DE8D-E44A-4979-8EAD-249886C4A561}"
EndProject
Project("{9A19103F-16F7-4668-BE54-9A1E7A4F7556}") = "Template.WebApi", "Template.WebApi\Template.WebApi.csproj", "{3FE768BF-BEAB-4BC8-8D3C-EF2C2A2F421D}"
EndProject
Project("{9A19103F-16F7-4668-BE54-9A1E7A4F7556}") = "Template.Infra.Data.EF.SqlServer", "Template.Infra.Data.EF.SqlServer\Template.Infra.Data.EF.SqlServer.csproj", "{144AE88D-E5EB-4BE3-B23B-8C65D61A778F}"
EndProject
Project("{9A19103F-16F7-4668-BE54-9A1E7A4F7556}") = "Template.Infra.Data.EF.Postgres", "Template.Infra.Data.EF.Postgres\Template.Infra.Data.EF.Postgres.csproj", "{77E5A127-C726-4C63-8619-7000BBEFA67F}"
EndProject
Project("{9A19103F-16F7-4668-BE54-9A1E7A4F7556}") = "Template.Infra.Data.EF.Common", "Template.Infra.Data.EF.Common\Template.Infra.Data.EF.Common.csproj", "{3FBDDB7A-E4E0-42B1-8AF6-91FAC70817F1}"
EndProject
Project("{2150E333-8FDC-42A3-9474-1A3956D46DE8}") = "4.1 EntityFramework", "4.1 EntityFramework", "{086F41F6-B2D3-4540-AF20-FB23E565E88E}"
EndProject
Project("{9A19103F-16F7-4668-BE54-9A1E7A4F7556}") = "Template.Security", "Template.Security\Template.Security.csproj", "{A63D976F-96A4-4E24-8C01-5D74DED02051}"
EndProject
Project("{9A19103F-16F7-4668-BE54-9A1E7A4F7556}") = "Template.Serilog", "Template.Serilog\Template.Serilog.csproj", "{BEEF3791-4394-4D80-9124-0D0E71BFEAC9}"
EndProject
Project("{FAE04EC0-301F-11D3-BF4B-00C04F79EFBC}") = "Template.Identity", "Template.Identity\Template.Identity.csproj", "{1DDED9D9-1A8B-4BD7-AA27-EC10C9901865}"
EndProject
Global
	GlobalSection(SolutionConfigurationPlatforms) = preSolution
		Debug|Any CPU = Debug|Any CPU
		Release|Any CPU = Release|Any CPU
	EndGlobalSection
	GlobalSection(ProjectConfigurationPlatforms) = postSolution
		{DF19F2C0-20D2-44BB-8B5D-CAB47737D226}.Debug|Any CPU.ActiveCfg = Debug|Any CPU
		{DF19F2C0-20D2-44BB-8B5D-CAB47737D226}.Debug|Any CPU.Build.0 = Debug|Any CPU
		{DF19F2C0-20D2-44BB-8B5D-CAB47737D226}.Release|Any CPU.ActiveCfg = Release|Any CPU
		{DF19F2C0-20D2-44BB-8B5D-CAB47737D226}.Release|Any CPU.Build.0 = Release|Any CPU
		{CFC04795-3731-48D7-A14E-11B73A3728C0}.Debug|Any CPU.ActiveCfg = Debug|Any CPU
		{CFC04795-3731-48D7-A14E-11B73A3728C0}.Debug|Any CPU.Build.0 = Debug|Any CPU
		{CFC04795-3731-48D7-A14E-11B73A3728C0}.Release|Any CPU.ActiveCfg = Release|Any CPU
		{CFC04795-3731-48D7-A14E-11B73A3728C0}.Release|Any CPU.Build.0 = Release|Any CPU
		{EEC30209-0837-482D-BC70-BD650EA207B3}.Debug|Any CPU.ActiveCfg = Debug|Any CPU
		{EEC30209-0837-482D-BC70-BD650EA207B3}.Debug|Any CPU.Build.0 = Debug|Any CPU
		{EEC30209-0837-482D-BC70-BD650EA207B3}.Release|Any CPU.ActiveCfg = Release|Any CPU
		{EEC30209-0837-482D-BC70-BD650EA207B3}.Release|Any CPU.Build.0 = Release|Any CPU
		{ED54F7C4-DA97-49C5-A5F2-0631124FDE4B}.Debug|Any CPU.ActiveCfg = Debug|Any CPU
		{ED54F7C4-DA97-49C5-A5F2-0631124FDE4B}.Debug|Any CPU.Build.0 = Debug|Any CPU
		{ED54F7C4-DA97-49C5-A5F2-0631124FDE4B}.Release|Any CPU.ActiveCfg = Release|Any CPU
		{ED54F7C4-DA97-49C5-A5F2-0631124FDE4B}.Release|Any CPU.Build.0 = Release|Any CPU
		{CBB5DE8D-E44A-4979-8EAD-249886C4A561}.Debug|Any CPU.ActiveCfg = Debug|Any CPU
		{CBB5DE8D-E44A-4979-8EAD-249886C4A561}.Debug|Any CPU.Build.0 = Debug|Any CPU
		{CBB5DE8D-E44A-4979-8EAD-249886C4A561}.Release|Any CPU.ActiveCfg = Release|Any CPU
		{CBB5DE8D-E44A-4979-8EAD-249886C4A561}.Release|Any CPU.Build.0 = Release|Any CPU
		{3FE768BF-BEAB-4BC8-8D3C-EF2C2A2F421D}.Debug|Any CPU.ActiveCfg = Debug|Any CPU
		{3FE768BF-BEAB-4BC8-8D3C-EF2C2A2F421D}.Debug|Any CPU.Build.0 = Debug|Any CPU
		{3FE768BF-BEAB-4BC8-8D3C-EF2C2A2F421D}.Release|Any CPU.ActiveCfg = Release|Any CPU
		{3FE768BF-BEAB-4BC8-8D3C-EF2C2A2F421D}.Release|Any CPU.Build.0 = Release|Any CPU
		{144AE88D-E5EB-4BE3-B23B-8C65D61A778F}.Debug|Any CPU.ActiveCfg = Debug|Any CPU
		{144AE88D-E5EB-4BE3-B23B-8C65D61A778F}.Debug|Any CPU.Build.0 = Debug|Any CPU
		{144AE88D-E5EB-4BE3-B23B-8C65D61A778F}.Release|Any CPU.ActiveCfg = Release|Any CPU
		{144AE88D-E5EB-4BE3-B23B-8C65D61A778F}.Release|Any CPU.Build.0 = Release|Any CPU
		{77E5A127-C726-4C63-8619-7000BBEFA67F}.Debug|Any CPU.ActiveCfg = Debug|Any CPU
		{77E5A127-C726-4C63-8619-7000BBEFA67F}.Debug|Any CPU.Build.0 = Debug|Any CPU
		{77E5A127-C726-4C63-8619-7000BBEFA67F}.Release|Any CPU.ActiveCfg = Release|Any CPU
		{77E5A127-C726-4C63-8619-7000BBEFA67F}.Release|Any CPU.Build.0 = Release|Any CPU
		{3FBDDB7A-E4E0-42B1-8AF6-91FAC70817F1}.Debug|Any CPU.ActiveCfg = Debug|Any CPU
		{3FBDDB7A-E4E0-42B1-8AF6-91FAC70817F1}.Debug|Any CPU.Build.0 = Debug|Any CPU
		{3FBDDB7A-E4E0-42B1-8AF6-91FAC70817F1}.Release|Any CPU.ActiveCfg = Release|Any CPU
		{3FBDDB7A-E4E0-42B1-8AF6-91FAC70817F1}.Release|Any CPU.Build.0 = Release|Any CPU
		{A63D976F-96A4-4E24-8C01-5D74DED02051}.Debug|Any CPU.ActiveCfg = Debug|Any CPU
		{A63D976F-96A4-4E24-8C01-5D74DED02051}.Debug|Any CPU.Build.0 = Debug|Any CPU
		{A63D976F-96A4-4E24-8C01-5D74DED02051}.Release|Any CPU.ActiveCfg = Release|Any CPU
		{A63D976F-96A4-4E24-8C01-5D74DED02051}.Release|Any CPU.Build.0 = Release|Any CPU
		{BEEF3791-4394-4D80-9124-0D0E71BFEAC9}.Debug|Any CPU.ActiveCfg = Debug|Any CPU
		{BEEF3791-4394-4D80-9124-0D0E71BFEAC9}.Debug|Any CPU.Build.0 = Debug|Any CPU
		{BEEF3791-4394-4D80-9124-0D0E71BFEAC9}.Release|Any CPU.ActiveCfg = Release|Any CPU
		{BEEF3791-4394-4D80-9124-0D0E71BFEAC9}.Release|Any CPU.Build.0 = Release|Any CPU
		{1DDED9D9-1A8B-4BD7-AA27-EC10C9901865}.Debug|Any CPU.ActiveCfg = Debug|Any CPU
		{1DDED9D9-1A8B-4BD7-AA27-EC10C9901865}.Debug|Any CPU.Build.0 = Debug|Any CPU
		{1DDED9D9-1A8B-4BD7-AA27-EC10C9901865}.Release|Any CPU.ActiveCfg = Release|Any CPU
		{1DDED9D9-1A8B-4BD7-AA27-EC10C9901865}.Release|Any CPU.Build.0 = Release|Any CPU
	EndGlobalSection
	GlobalSection(SolutionProperties) = preSolution
		HideSolutionNode = FALSE
	EndGlobalSection
	GlobalSection(NestedProjects) = preSolution
		{DF19F2C0-20D2-44BB-8B5D-CAB47737D226} = {AA1CE863-E904-467A-8033-C56E52457D21}
		{CFC04795-3731-48D7-A14E-11B73A3728C0} = {4FA77302-8BA9-4400-893F-ED8D343CAA20}
		{EEC30209-0837-482D-BC70-BD650EA207B3} = {086F41F6-B2D3-4540-AF20-FB23E565E88E}
		{ED54F7C4-DA97-49C5-A5F2-0631124FDE4B} = {C8320742-712B-4354-8DE9-B487CC30AA26}
		{CBB5DE8D-E44A-4979-8EAD-249886C4A561} = {717DA9F0-022C-4426-B0E4-FE363E10DF1B}
		{3FE768BF-BEAB-4BC8-8D3C-EF2C2A2F421D} = {015AA021-C656-4D30-9AE4-3AB547CCE4E4}
		{144AE88D-E5EB-4BE3-B23B-8C65D61A778F} = {086F41F6-B2D3-4540-AF20-FB23E565E88E}
		{77E5A127-C726-4C63-8619-7000BBEFA67F} = {086F41F6-B2D3-4540-AF20-FB23E565E88E}
		{3FBDDB7A-E4E0-42B1-8AF6-91FAC70817F1} = {086F41F6-B2D3-4540-AF20-FB23E565E88E}
		{086F41F6-B2D3-4540-AF20-FB23E565E88E} = {C8320742-712B-4354-8DE9-B487CC30AA26}
		{A63D976F-96A4-4E24-8C01-5D74DED02051} = {C8320742-712B-4354-8DE9-B487CC30AA26}
		{BEEF3791-4394-4D80-9124-0D0E71BFEAC9} = {C8320742-712B-4354-8DE9-B487CC30AA26}
		{1DDED9D9-1A8B-4BD7-AA27-EC10C9901865} = {C8320742-712B-4354-8DE9-B487CC30AA26}
	EndGlobalSection
	GlobalSection(ExtensibilityGlobals) = postSolution
		SolutionGuid = {0DA186E5-D60B-4458-A221-EC3F188DEFB1}
	EndGlobalSection
EndGlobal
